
Microsoft Visual Studio Solution File, Format Version 12.00
# Visual Studio 14
VisualStudioVersion = 14.0.25420.1
MinimumVisualStudioVersion = 10.0.40219.1
Project("{FAE04EC0-301F-11D3-BF4B-00C04F79EFBC}") = "SingletonApp", "SingletonApp\SingletonApp.csproj", "{70691BB5-55E2-4AB5-8D25-29484D4CE55D}"
EndProject
Global
	GlobalSection(SolutionConfigurationPlatforms) = preSolution
		Debug|Any CPU = Debug|Any CPU
		Release|Any CPU = Release|Any CPU
	EndGlobalSection
	GlobalSection(ProjectConfigurationPlatforms) = postSolution
		{70691BB5-55E2-4AB5-8D25-29484D4CE55D}.Debug|Any CPU.ActiveCfg = Debug|Any CPU
		{70691BB5-55E2-4AB5-8D25-29484D4CE55D}.Debug|Any CPU.Build.0 = Debug|Any CPU
		{70691BB5-55E2-4AB5-8D25-29484D4CE55D}.Release|Any CPU.ActiveCfg = Release|Any CPU
		{70691BB5-55E2-4AB5-8D25-29484D4CE55D}.Release|Any CPU.Build.0 = Release|Any CPU
	EndGlobalSection
	GlobalSection(SolutionProperties) = preSolution
		HideSolutionNode = FALSE
	EndGlobalSection
EndGlobal
