
Microsoft Visual Studio Solution File, Format Version 12.00
# Visual Studio 14
VisualStudioVersion = 14.0.25420.1
MinimumVisualStudioVersion = 10.0.40219.1
Project("{FAE04EC0-301F-11D3-BF4B-00C04F79EFBC}") = "CalculatorUnitTesting", "CalculatorUnitTesting\CalculatorUnitTesting.csproj", "{E1553298-3326-4357-BF77-ECA1F953B705}"
EndProject
Project("{FAE04EC0-301F-11D3-BF4B-00C04F79EFBC}") = "CalculatorTesting", "CalculatorTesting\CalculatorTesting.csproj", "{6E80D550-92BF-4454-9A0A-C98D2281339C}"
EndProject
Global
	GlobalSection(SolutionConfigurationPlatforms) = preSolution
		Debug|Any CPU = Debug|Any CPU
		Release|Any CPU = Release|Any CPU
	EndGlobalSection
	GlobalSection(ProjectConfigurationPlatforms) = postSolution
		{E1553298-3326-4357-BF77-ECA1F953B705}.Debug|Any CPU.ActiveCfg = Debug|Any CPU
		{E1553298-3326-4357-BF77-ECA1F953B705}.Debug|Any CPU.Build.0 = Debug|Any CPU
		{E1553298-3326-4357-BF77-ECA1F953B705}.Release|Any CPU.ActiveCfg = Release|Any CPU
		{E1553298-3326-4357-BF77-ECA1F953B705}.Release|Any CPU.Build.0 = Release|Any CPU
		{6E80D550-92BF-4454-9A0A-C98D2281339C}.Debug|Any CPU.ActiveCfg = Debug|Any CPU
		{6E80D550-92BF-4454-9A0A-C98D2281339C}.Debug|Any CPU.Build.0 = Debug|Any CPU
		{6E80D550-92BF-4454-9A0A-C98D2281339C}.Release|Any CPU.ActiveCfg = Release|Any CPU
		{6E80D550-92BF-4454-9A0A-C98D2281339C}.Release|Any CPU.Build.0 = Release|Any CPU
	EndGlobalSection
	GlobalSection(SolutionProperties) = preSolution
		HideSolutionNode = FALSE
	EndGlobalSection
EndGlobal
