
Microsoft Visual Studio Solution File, Format Version 12.00
# Visual Studio 14
VisualStudioVersion = 14.0.25420.1
MinimumVisualStudioVersion = 10.0.40219.1
Project("{FAE04EC0-301F-11D3-BF4B-00C04F79EFBC}") = "ParameterPassingApp", "ParameterPassingApp\ParameterPassingApp.csproj", "{B6383895-2691-4A71-87D8-E718989D8C86}"
EndProject
Global
	GlobalSection(SolutionConfigurationPlatforms) = preSolution
		Debug|Any CPU = Debug|Any CPU
		Release|Any CPU = Release|Any CPU
	EndGlobalSection
	GlobalSection(ProjectConfigurationPlatforms) = postSolution
		{B6383895-2691-4A71-87D8-E718989D8C86}.Debug|Any CPU.ActiveCfg = Debug|Any CPU
		{B6383895-2691-4A71-87D8-E718989D8C86}.Debug|Any CPU.Build.0 = Debug|Any CPU
		{B6383895-2691-4A71-87D8-E718989D8C86}.Release|Any CPU.ActiveCfg = Release|Any CPU
		{B6383895-2691-4A71-87D8-E718989D8C86}.Release|Any CPU.Build.0 = Release|Any CPU
	EndGlobalSection
	GlobalSection(SolutionProperties) = preSolution
		HideSolutionNode = FALSE
	EndGlobalSection
EndGlobal
